<?xml version="1.0" encoding="utf-8"?>
<Project ToolsVersion="4.0" xmlns="http://schemas.microsoft.com/developer/msbuild/2003">
  <ItemGroup>
    <Filter Include="Dependencies">
      <UniqueIdentifier>{6C01343A-5864-C3DE-01EA-FB94ED2B8F61}</UniqueIdentifier>
    </Filter>
    <Filter Include="Dependencies\GLAD">
      <UniqueIdentifier>{737F440F-DF95-42A5-280D-CEC69462132D}</UniqueIdentifier>
    </Filter>
    <Filter Include="Dependencies\GLAD\src">
      <UniqueIdentifier>{0ABFA813-762B-640E-3F1F-FC6BAB4A8676}</UniqueIdentifier>
    </Filter>
    <Filter Include="src">
      <UniqueIdentifier>{2DAB880B-99B4-887C-2230-9F7C8E38947C}</UniqueIdentifier>
    </Filter>
    <Filter Include="src\Engine">
      <UniqueIdentifier>{12A1320E-FE58-745B-6760-4DB753370F4C}</UniqueIdentifier>
    </Filter>
    <Filter Include="src\Engine\Events">
      <UniqueIdentifier>{B624EAB0-223B-E846-6BB2-7368D707B9CE}</UniqueIdentifier>
    </Filter>
    <Filter Include="src\Engine\Renderer">
      <UniqueIdentifier>{F838018B-649A-DE98-ED07-254B59681558}</UniqueIdentifier>
    </Filter>
    <Filter Include="src\Engine\Renderer\OpenGL">
      <UniqueIdentifier>{2C1B9528-182B-41F9-81E4-A5176D133092}</UniqueIdentifier>
    </Filter>
    <Filter Include="src\Engine\Renderer\Vulkan">
      <UniqueIdentifier>{787F4739-648F-F309-CD48-5828B977E2A2}</UniqueIdentifier>
    </Filter>
    <Filter Include="src\Engine\Windows">
      <UniqueIdentifier>{4C3D111A-3821-D26F-A181-CCC28D84BCF1}</UniqueIdentifier>
    </Filter>
  </ItemGroup>
  <ItemGroup>
    <ClInclude Include="src\Engine.h">
      <Filter>src</Filter>
    </ClInclude>
    <ClInclude Include="src\Engine\Application.h">
      <Filter>src\Engine</Filter>
    </ClInclude>
    <ClInclude Include="src\Engine\Core.h">
      <Filter>src\Engine</Filter>
    </ClInclude>
    <ClInclude Include="src\Engine\EntryPoint.h">
      <Filter>src\Engine</Filter>
    </ClInclude>
    <ClInclude Include="src\Engine\Events\ApplicationEvent.h">
      <Filter>src\Engine\Events</Filter>
    </ClInclude>
    <ClInclude Include="src\Engine\Events\Event.h">
      <Filter>src\Engine\Events</Filter>
    </ClInclude>
    <ClInclude Include="src\Engine\Events\KeyEvent.h">
      <Filter>src\Engine\Events</Filter>
    </ClInclude>
    <ClInclude Include="src\Engine\Events\MouseEvent.h">
      <Filter>src\Engine\Events</Filter>
    </ClInclude>
    <ClInclude Include="src\Engine\Logger.h">
      <Filter>src\Engine</Filter>
    </ClInclude>
    <ClInclude Include="src\Engine\Renderer\RenderContext.h">
      <Filter>src\Engine\Renderer</Filter>
    </ClInclude>
    <ClInclude Include="src\Engine\Renderer\Vulkan\ValidationLayers.h">
      <Filter>src\Engine\Renderer\Vulkan</Filter>
    </ClInclude>
    <ClInclude Include="src\Engine\Renderer\Vulkan\VulkanContext.h">
      <Filter>src\Engine\Renderer\Vulkan</Filter>
    </ClInclude>
    <ClInclude Include="src\Engine\Windows\Window.h">
      <Filter>src\Engine\Windows</Filter>
    </ClInclude>
    <ClInclude Include="src\Engine\Windows\WindowsWindow.h">
      <Filter>src\Engine\Windows</Filter>
    </ClInclude>
  </ItemGroup>
  <ItemGroup>
    <ClCompile Include="src\Engine\Application.cpp">
      <Filter>src\Engine</Filter>
    </ClCompile>
    <ClCompile Include="src\Engine\Renderer\RenderContext.cpp">
      <Filter>src\Engine\Renderer</Filter>
    </ClCompile>
    <ClCompile Include="src\Engine\Renderer\Vulkan\ValidationLayers.cpp">
      <Filter>src\Engine\Renderer\Vulkan</Filter>
    </ClCompile>
    <ClCompile Include="src\Engine\Renderer\Vulkan\VulkanContext.cpp">
      <Filter>src\Engine\Renderer\Vulkan</Filter>
    </ClCompile>
    <ClCompile Include="src\Engine\Windows\WindowsWindow.cpp">
      <Filter>src\Engine\Windows</Filter>
    </ClCompile>
  </ItemGroup>
</Project>